
Microsoft Visual Studio Solution File, Format Version 12.00
# Visual Studio Version 16
VisualStudioVersion = 16.0.29728.190
MinimumVisualStudioVersion = 10.0.40219.1
Project("{FAE04EC0-301F-11D3-BF4B-00C04F79EFBC}") = "Calculator", "Calculator\Calculator.csproj", "{453F1737-FA49-4EE4-8D42-C0B8EC9F458D}"
EndProject
Global
	GlobalSection(SolutionConfigurationPlatforms) = preSolution
		Debug|Any CPU = Debug|Any CPU
		Release|Any CPU = Release|Any CPU
	EndGlobalSection
	GlobalSection(ProjectConfigurationPlatforms) = postSolution
		{453F1737-FA49-4EE4-8D42-C0B8EC9F458D}.Debug|Any CPU.ActiveCfg = Debug|Any CPU
		{453F1737-FA49-4EE4-8D42-C0B8EC9F458D}.Debug|Any CPU.Build.0 = Debug|Any CPU
		{453F1737-FA49-4EE4-8D42-C0B8EC9F458D}.Release|Any CPU.ActiveCfg = Release|Any CPU
		{453F1737-FA49-4EE4-8D42-C0B8EC9F458D}.Release|Any CPU.Build.0 = Release|Any CPU
	EndGlobalSection
	GlobalSection(SolutionProperties) = preSolution
		HideSolutionNode = FALSE
	EndGlobalSection
	GlobalSection(ExtensibilityGlobals) = postSolution
		SolutionGuid = {31CE63AE-BD6C-4DCF-824F-032E4204F5F8}
	EndGlobalSection
EndGlobal
